// !$*UTF8*$!
{
	archiveVersion = 1;
	classes = {
	};
	objectVersion = 46;
	objects = {

/* Begin PBXBuildFile section */
		3FC537301DC1AC550016C0D8 /* main.m in Sources */ = {isa = PBXBuildFile; fileRef = 3FC5372F1DC1AC550016C0D8 /* main.m */; };
		3FC537331DC1AC550016C0D8 /* AppDelegate.m in Sources */ = {isa = PBXBuildFile; fileRef = 3FC537321DC1AC550016C0D8 /* AppDelegate.m */; };
		3FC537361DC1AC550016C0D8 /* ViewController.m in Sources */ = {isa = PBXBuildFile; fileRef = 3FC537351DC1AC550016C0D8 /* ViewController.m */; };
		3FC537391DC1AC550016C0D8 /* Main.storyboard in Resources */ = {isa = PBXBuildFile; fileRef = 3FC537371DC1AC550016C0D8 /* Main.storyboard */; };
		3FC5373B1DC1AC550016C0D8 /* Assets.xcassets in Resources */ = {isa = PBXBuildFile; fileRef = 3FC5373A1DC1AC550016C0D8 /* Assets.xcassets */; };
		3FC5373E1DC1AC550016C0D8 /* LaunchScreen.storyboard in Resources */ = {isa = PBXBuildFile; fileRef = 3FC5373C1DC1AC550016C0D8 /* LaunchScreen.storyboard */; };
		3FC537491DC1AC550016C0D8 /* lanouIOSMasterTests.m in Sources */ = {isa = PBXBuildFile; fileRef = 3FC537481DC1AC550016C0D8 /* lanouIOSMasterTests.m */; };
		3FC537541DC1AC550016C0D8 /* lanouIOSMasterUITests.m in Sources */ = {isa = PBXBuildFile; fileRef = 3FC537531DC1AC550016C0D8 /* lanouIOSMasterUITests.m */; };
/* End PBXBuildFile section */

/* Begin PBXContainerItemProxy section */
		3FC537451DC1AC550016C0D8 /* PBXContainerItemProxy */ = {
			isa = PBXContainerItemProxy;
			containerPortal = 3FC537231DC1AC550016C0D8 /* Project object */;
			proxyType = 1;
			remoteGlobalIDString = 3FC5372A1DC1AC550016C0D8;
			remoteInfo = lanouIOSMaster;
		};
		3FC537501DC1AC550016C0D8 /* PBXContainerItemProxy */ = {
			isa = PBXContainerItemProxy;
			containerPortal = 3FC537231DC1AC550016C0D8 /* Project object */;
			proxyType = 1;
			remoteGlobalIDString = 3FC5372A1DC1AC550016C0D8;
			remoteInfo = lanouIOSMaster;
		};
/* End PBXContainerItemProxy section */

/* Begin PBXFileReference section */
		3FC5372B1DC1AC550016C0D8 /* lanouIOSMaster.app */ = {isa = PBXFileReference; explicitFileType = wrapper.application; includeInIndex = 0; path = lanouIOSMaster.app; sourceTree = BUILT_PRODUCTS_DIR; };
		3FC5372F1DC1AC550016C0D8 /* main.m */ = {isa = PBXFileReference; lastKnownFileType = sourcecode.c.objc; path = main.m; sourceTree = "<group>"; };
		3FC537311DC1AC550016C0D8 /* AppDelegate.h */ = {isa = PBXFileReference; lastKnownFileType = sourcecode.c.h; path = AppDelegate.h; sourceTree = "<group>"; };
		3FC537321DC1AC550016C0D8 /* AppDelegate.m */ = {isa = PBXFileReference; lastKnownFileType = sourcecode.c.objc; path = AppDelegate.m; sourceTree = "<group>"; };
		3FC537341DC1AC550016C0D8 /* ViewController.h */ = {isa = PBXFileReference; lastKnownFileType = sourcecode.c.h; path = ViewController.h; sourceTree = "<group>"; };
		3FC537351DC1AC550016C0D8 /* ViewController.m */ = {isa = PBXFileReference; lastKnownFileType = sourcecode.c.objc; path = ViewController.m; sourceTree = "<group>"; };
		3FC537381DC1AC550016C0D8 /* Base */ = {isa = PBXFileReference; lastKnownFileType = file.storyboard; name = Base; path = Base.lproj/Main.storyboard; sourceTree = "<group>"; };
		3FC5373A1DC1AC550016C0D8 /* Assets.xcassets */ = {isa = PBXFileReference; lastKnownFileType = folder.assetcatalog; path = Assets.xcassets; sourceTree = "<group>"; };
		3FC5373D1DC1AC550016C0D8 /* Base */ = {isa = PBXFileReference; lastKnownFileType = file.storyboard; name = Base; path = Base.lproj/LaunchScreen.storyboard; sourceTree = "<group>"; };
		3FC5373F1DC1AC550016C0D8 /* Info.plist */ = {isa = PBXFileReference; lastKnownFileType = text.plist.xml; path = Info.plist; sourceTree = "<group>"; };
		3FC537441DC1AC550016C0D8 /* lanouIOSMasterTests.xctest */ = {isa = PBXFileReference; explicitFileType = wrapper.cfbundle; includeInIndex = 0; path = lanouIOSMasterTests.xctest; sourceTree = BUILT_PRODUCTS_DIR; };
		3FC537481DC1AC550016C0D8 /* lanouIOSMasterTests.m */ = {isa = PBXFileReference; lastKnownFileType = sourcecode.c.objc; path = lanouIOSMasterTests.m; sourceTree = "<group>"; };
		3FC5374A1DC1AC550016C0D8 /* Info.plist */ = {isa = PBXFileReference; lastKnownFileType = text.plist.xml; path = Info.plist; sourceTree = "<group>"; };
		3FC5374F1DC1AC550016C0D8 /* lanouIOSMasterUITests.xctest */ = {isa = PBXFileReference; explicitFileType = wrapper.cfbundle; includeInIndex = 0; path = lanouIOSMasterUITests.xctest; sourceTree = BUILT_PRODUCTS_DIR; };
		3FC537531DC1AC550016C0D8 /* lanouIOSMasterUITests.m */ = {isa = PBXFileReference; lastKnownFileType = sourcecode.c.objc; path = lanouIOSMasterUITests.m; sourceTree = "<group>"; };
		3FC537551DC1AC550016C0D8 /* Info.plist */ = {isa = PBXFileReference; lastKnownFileType = text.plist.xml; path = Info.plist; sourceTree = "<group>"; };
/* End PBXFileReference section */

/* Begin PBXFrameworksBuildPhase section */
		3FC537281DC1AC550016C0D8 /* Frameworks */ = {
			isa = PBXFrameworksBuildPhase;
			buildActionMask = 2147483647;
			files = (
			);
			runOnlyForDeploymentPostprocessing = 0;
		};
		3FC537411DC1AC550016C0D8 /* Frameworks */ = {
			isa = PBXFrameworksBuildPhase;
			buildActionMask = 2147483647;
			files = (
			);
			runOnlyForDeploymentPostprocessing = 0;
		};
		3FC5374C1DC1AC550016C0D8 /* Frameworks */ = {
			isa = PBXFrameworksBuildPhase;
			buildActionMask = 2147483647;
			files = (
			);
			runOnlyForDeploymentPostprocessing = 0;
		};
/* End PBXFrameworksBuildPhase section */

/* Begin PBXGroup section */
		3FC537221DC1AC550016C0D8 = {
			isa = PBXGroup;
			children = (
				3FC5372D1DC1AC550016C0D8 /* lanouIOSMaster */,
				3FC537471DC1AC550016C0D8 /* lanouIOSMasterTests */,
				3FC537521DC1AC550016C0D8 /* lanouIOSMasterUITests */,
				3FC5372C1DC1AC550016C0D8 /* Products */,
			);
			sourceTree = "<group>";
		};
		3FC5372C1DC1AC550016C0D8 /* Products */ = {
			isa = PBXGroup;
			children = (
				3FC5372B1DC1AC550016C0D8 /* lanouIOSMaster.app */,
				3FC537441DC1AC550016C0D8 /* lanouIOSMasterTests.xctest */,
				3FC5374F1DC1AC550016C0D8 /* lanouIOSMasterUITests.xctest */,
			);
			name = Products;
			sourceTree = "<group>";
		};
		3FC5372D1DC1AC550016C0D8 /* lanouIOSMaster */ = {
			isa = PBXGroup;
			children = (
				3FC537311DC1AC550016C0D8 /* AppDelegate.h */,
				3FC537321DC1AC550016C0D8 /* AppDelegate.m */,
				3FC537341DC1AC550016C0D8 /* ViewController.h */,
				3FC537351DC1AC550016C0D8 /* ViewController.m */,
				3FC537371DC1AC550016C0D8 /* Main.storyboard */,
				3FC5373A1DC1AC550016C0D8 /* Assets.xcassets */,
				3FC5373C1DC1AC550016C0D8 /* LaunchScreen.storyboard */,
				3FC5373F1DC1AC550016C0D8 /* Info.plist */,
				3FC5372E1DC1AC550016C0D8 /* Supporting Files */,
			);
			path = lanouIOSMaster;
			sourceTree = "<group>";
		};
		3FC5372E1DC1AC550016C0D8 /* Supporting Files */ = {
			isa = PBXGroup;
			children = (
				3FC5372F1DC1AC550016C0D8 /* main.m */,
			);
			name = "Supporting Files";
			sourceTree = "<group>";
		};
		3FC537471DC1AC550016C0D8 /* lanouIOSMasterTests */ = {
			isa = PBXGroup;
			children = (
				3FC537481DC1AC550016C0D8 /* lanouIOSMasterTests.m */,
				3FC5374A1DC1AC550016C0D8 /* Info.plist */,
			);
			path = lanouIOSMasterTests;
			sourceTree = "<group>";
		};
		3FC537521DC1AC550016C0D8 /* lanouIOSMasterUITests */ = {
			isa = PBXGroup;
			children = (
				3FC537531DC1AC550016C0D8 /* lanouIOSMasterUITests.m */,
				3FC537551DC1AC550016C0D8 /* Info.plist */,
			);
			path = lanouIOSMasterUITests;
			sourceTree = "<group>";
		};
/* End PBXGroup section */

/* Begin PBXNativeTarget section */
		3FC5372A1DC1AC550016C0D8 /* lanouIOSMaster */ = {
			isa = PBXNativeTarget;
			buildConfigurationList = 3FC537581DC1AC550016C0D8 /* Build configuration list for PBXNativeTarget "lanouIOSMaster" */;
			buildPhases = (
				3FC537271DC1AC550016C0D8 /* Sources */,
				3FC537281DC1AC550016C0D8 /* Frameworks */,
				3FC537291DC1AC550016C0D8 /* Resources */,
			);
			buildRules = (
			);
			dependencies = (
			);
			name = lanouIOSMaster;
			productName = lanouIOSMaster;
			productReference = 3FC5372B1DC1AC550016C0D8 /* lanouIOSMaster.app */;
			productType = "com.apple.product-type.application";
		};
		3FC537431DC1AC550016C0D8 /* lanouIOSMasterTests */ = {
			isa = PBXNativeTarget;
			buildConfigurationList = 3FC5375B1DC1AC550016C0D8 /* Build configuration list for PBXNativeTarget "lanouIOSMasterTests" */;
			buildPhases = (
				3FC537401DC1AC550016C0D8 /* Sources */,
				3FC537411DC1AC550016C0D8 /* Frameworks */,
				3FC537421DC1AC550016C0D8 /* Resources */,
			);
			buildRules = (
			);
			dependencies = (
				3FC537461DC1AC550016C0D8 /* PBXTargetDependency */,
			);
			name = lanouIOSMasterTests;
			productName = lanouIOSMasterTests;
			productReference = 3FC537441DC1AC550016C0D8 /* lanouIOSMasterTests.xctest */;
			productType = "com.apple.product-type.bundle.unit-test";
		};
		3FC5374E1DC1AC550016C0D8 /* lanouIOSMasterUITests */ = {
			isa = PBXNativeTarget;
			buildConfigurationList = 3FC5375E1DC1AC550016C0D8 /* Build configuration list for PBXNativeTarget "lanouIOSMasterUITests" */;
			buildPhases = (
				3FC5374B1DC1AC550016C0D8 /* Sources */,
				3FC5374C1DC1AC550016C0D8 /* Frameworks */,
				3FC5374D1DC1AC550016C0D8 /* Resources */,
			);
			buildRules = (
			);
			dependencies = (
				3FC537511DC1AC550016C0D8 /* PBXTargetDependency */,
			);
			name = lanouIOSMasterUITests;
			productName = lanouIOSMasterUITests;
			productReference = 3FC5374F1DC1AC550016C0D8 /* lanouIOSMasterUITests.xctest */;
			productType = "com.apple.product-type.bundle.ui-testing";
		};
/* End PBXNativeTarget section */

/* Begin PBXProject section */
		3FC537231DC1AC550016C0D8 /* Project object */ = {
			isa = PBXProject;
			attributes = {
				LastUpgradeCheck = 0700;
				ORGANIZATIONNAME = lanou;
				TargetAttributes = {
					3FC5372A1DC1AC550016C0D8 = {
						CreatedOnToolsVersion = 7.0.1;
						DevelopmentTeam = 3JQSBFX28H;
					};
					3FC537431DC1AC550016C0D8 = {
						CreatedOnToolsVersion = 7.0.1;
						DevelopmentTeam = 3JQSBFX28H;
						TestTargetID = 3FC5372A1DC1AC550016C0D8;
					};
					3FC5374E1DC1AC550016C0D8 = {
						CreatedOnToolsVersion = 7.0.1;
						DevelopmentTeam = 3JQSBFX28H;
						TestTargetID = 3FC5372A1DC1AC550016C0D8;
					};
				};
			};
			buildConfigurationList = 3FC537261DC1AC550016C0D8 /* Build configuration list for PBXProject "lanouIOSMaster" */;
			compatibilityVersion = "Xcode 3.2";
			developmentRegion = English;
			hasScannedForEncodings = 0;
			knownRegions = (
				en,
				Base,
			);
			mainGroup = 3FC537221DC1AC550016C0D8;
			productRefGroup = 3FC5372C1DC1AC550016C0D8 /* Products */;
			projectDirPath = "";
			projectRoot = "";
			targets = (
				3FC5372A1DC1AC550016C0D8 /* lanouIOSMaster */,
				3FC537431DC1AC550016C0D8 /* lanouIOSMasterTests */,
				3FC5374E1DC1AC550016C0D8 /* lanouIOSMasterUITests */,
			);
		};
/* End PBXProject section */

/* Begin PBXResourcesBuildPhase section */
		3FC537291DC1AC550016C0D8 /* Resources */ = {
			isa = PBXResourcesBuildPhase;
			buildActionMask = 2147483647;
			files = (
				3FC5373E1DC1AC550016C0D8 /* LaunchScreen.storyboard in Resources */,
				3FC5373B1DC1AC550016C0D8 /* Assets.xcassets in Resources */,
				3FC537391DC1AC550016C0D8 /* Main.storyboard in Resources */,
			);
			runOnlyForDeploymentPostprocessing = 0;
		};
		3FC537421DC1AC550016C0D8 /* Resources */ = {
			isa = PBXResourcesBuildPhase;
			buildActionMask = 2147483647;
			files = (
			);
			runOnlyForDeploymentPostprocessing = 0;
		};
		3FC5374D1DC1AC550016C0D8 /* Resources */ = {
			isa = PBXResourcesBuildPhase;
			buildActionMask = 2147483647;
			files = (
			);
			runOnlyForDeploymentPostprocessing = 0;
		};
/* End PBXResourcesBuildPhase section */

/* Begin PBXSourcesBuildPhase section */
		3FC537271DC1AC550016C0D8 /* Sources */ = {
			isa = PBXSourcesBuildPhase;
			buildActionMask = 2147483647;
			files = (
				3FC537361DC1AC550016C0D8 /* ViewController.m in Sources */,
				3FC537331DC1AC550016C0D8 /* AppDelegate.m in Sources */,
				3FC537301DC1AC550016C0D8 /* main.m in Sources */,
			);
			runOnlyForDeploymentPostprocessing = 0;
		};
		3FC537401DC1AC550016C0D8 /* Sources */ = {
			isa = PBXSourcesBuildPhase;
			buildActionMask = 2147483647;
			files = (
				3FC537491DC1AC550016C0D8 /* lanouIOSMasterTests.m in Sources */,
			);
			runOnlyForDeploymentPostprocessing = 0;
		};
		3FC5374B1DC1AC550016C0D8 /* Sources */ = {
			isa = PBXSourcesBuildPhase;
			buildActionMask = 2147483647;
			files = (
				3FC537541DC1AC550016C0D8 /* lanouIOSMasterUITests.m in Sources */,
			);
			runOnlyForDeploymentPostprocessing = 0;
		};
/* End PBXSourcesBuildPhase section */

/* Begin PBXTargetDependency section */
		3FC537461DC1AC550016C0D8 /* PBXTargetDependency */ = {
			isa = PBXTargetDependency;
			target = 3FC5372A1DC1AC550016C0D8 /* lanouIOSMaster */;
			targetProxy = 3FC537451DC1AC550016C0D8 /* PBXContainerItemProxy */;
		};
		3FC537511DC1AC550016C0D8 /* PBXTargetDependency */ = {
			isa = PBXTargetDependency;
			target = 3FC5372A1DC1AC550016C0D8 /* lanouIOSMaster */;
			targetProxy = 3FC537501DC1AC550016C0D8 /* PBXContainerItemProxy */;
		};
/* End PBXTargetDependency section */

/* Begin PBXVariantGroup section */
		3FC537371DC1AC550016C0D8 /* Main.storyboard */ = {
			isa = PBXVariantGroup;
			children = (
				3FC537381DC1AC550016C0D8 /* Base */,
			);
			name = Main.storyboard;
			sourceTree = "<group>";
		};
		3FC5373C1DC1AC550016C0D8 /* LaunchScreen.storyboard */ = {
			isa = PBXVariantGroup;
			children = (
				3FC5373D1DC1AC550016C0D8 /* Base */,
			);
			name = LaunchScreen.storyboard;
			sourceTree = "<group>";
		};
/* End PBXVariantGroup section */

/* Begin XCBuildConfiguration section */
		3FC537561DC1AC550016C0D8 /* Debug */ = {
			isa = XCBuildConfiguration;
			buildSettings = {
				ALWAYS_SEARCH_USER_PATHS = NO;
				CLANG_CXX_LANGUAGE_STANDARD = "gnu++0x";
				CLANG_CXX_LIBRARY = "libc++";
				CLANG_ENABLE_MODULES = YES;
				CLANG_ENABLE_OBJC_ARC = YES;
				CLANG_WARN_BOOL_CONVERSION = YES;
				CLANG_WARN_CONSTANT_CONVERSION = YES;
				CLANG_WARN_DIRECT_OBJC_ISA_USAGE = YES_ERROR;
				CLANG_WARN_EMPTY_BODY = YES;
				CLANG_WARN_ENUM_CONVERSION = YES;
				CLANG_WARN_INT_CONVERSION = YES;
				CLANG_WARN_OBJC_ROOT_CLASS = YES_ERROR;
				CLANG_WARN_UNREACHABLE_CODE = YES;
				CLANG_WARN__DUPLICATE_METHOD_MATCH = YES;
				"CODE_SIGN_IDENTITY[sdk=iphoneos*]" = "iPhone Developer";
				COPY_PHASE_STRIP = NO;
				DEBUG_INFORMATION_FORMAT = dwarf;
				ENABLE_STRICT_OBJC_MSGSEND = YES;
				ENABLE_TESTABILITY = YES;
				GCC_C_LANGUAGE_STANDARD = gnu99;
				GCC_DYNAMIC_NO_PIC = NO;
				GCC_NO_COMMON_BLOCKS = YES;
				GCC_OPTIMIZATION_LEVEL = 0;
				GCC_PREPROCESSOR_DEFINITIONS = (
					"DEBUG=1",
					"$(inherited)",
				);
				GCC_WARN_64_TO_32_BIT_CONVERSION = YES;
				GCC_WARN_ABOUT_RETURN_TYPE = YES_ERROR;
				GCC_WARN_UNDECLARED_SELECTOR = YES;
				GCC_WARN_UNINITIALIZED_AUTOS = YES_AGGRESSIVE;
				GCC_WARN_UNUSED_FUNCTION = YES;
				GCC_WARN_UNUSED_VARIABLE = YES;
				IPHONEOS_DEPLOYMENT_TARGET = 9.0;
				MTL_ENABLE_DEBUG_INFO = YES;
				ONLY_ACTIVE_ARCH = YES;
				SDKROOT = iphoneos;
			};
			name = Debug;
		};
		3FC537571DC1AC550016C0D8 /* Release */ = {
			isa = XCBuildConfiguration;
			buildSettings = {
				ALWAYS_SEARCH_USER_PATHS = NO;
				CLANG_CXX_LANGUAGE_STANDARD = "gnu++0x";
				CLANG_CXX_LIBRARY = "libc++";
				CLANG_ENABLE_MODULES = YES;
				CLANG_ENABLE_OBJC_ARC = YES;
				CLANG_WARN_BOOL_CONVERSION = YES;
				CLANG_WARN_CONSTANT_CONVERSION = YES;
				CLANG_WARN_DIRECT_OBJC_ISA_USAGE = YES_ERROR;
				CLANG_WARN_EMPTY_BODY = YES;
				CLANG_WARN_ENUM_CONVERSION = YES;
				CLANG_WARN_INT_CONVERSION = YES;
				CLANG_WARN_OBJC_ROOT_CLASS = YES_ERROR;
				CLANG_WARN_UNREACHABLE_CODE = YES;
				CLANG_WARN__DUPLICATE_METHOD_MATCH = YES;
				"CODE_SIGN_IDENTITY[sdk=iphoneos*]" = "iPhone Developer";
				COPY_PHASE_STRIP = NO;
				DEBUG_INFORMATION_FORMAT = "dwarf-with-dsym";
				ENABLE_NS_ASSERTIONS = NO;
				ENABLE_STRICT_OBJC_MSGSEND = YES;
				GCC_C_LANGUAGE_STANDARD = gnu99;
				GCC_NO_COMMON_BLOCKS = YES;
				GCC_WARN_64_TO_32_BIT_CONVERSION = YES;
				GCC_WARN_ABOUT_RETURN_TYPE = YES_ERROR;
				GCC_WARN_UNDECLARED_SELECTOR = YES;
				GCC_WARN_UNINITIALIZED_AUTOS = YES_AGGRESSIVE;
				GCC_WARN_UNUSED_FUNCTION = YES;
				GCC_WARN_UNUSED_VARIABLE = YES;
				IPHONEOS_DEPLOYMENT_TARGET = 9.0;
				MTL_ENABLE_DEBUG_INFO = NO;
				SDKROOT = iphoneos;
				VALIDATE_PRODUCT = YES;
			};
			name = Release;
		};
		3FC537591DC1AC550016C0D8 /* Debug */ = {
			isa = XCBuildConfiguration;
			buildSettings = {
				ASSETCATALOG_COMPILER_APPICON_NAME = AppIcon;
				INFOPLIST_FILE = lanouIOSMaster/Info.plist;
				LD_RUNPATH_SEARCH_PATHS = "$(inherited) @executable_path/Frameworks";
				PRODUCT_BUNDLE_IDENTIFIER = llll.lanouIOSMaster;
				PRODUCT_NAME = "$(TARGET_NAME)";
			};
			name = Debug;
		};
		3FC5375A1DC1AC550016C0D8 /* Release */ = {
			isa = XCBuildConfiguration;
			buildSettings = {
				ASSETCATALOG_COMPILER_APPICON_NAME = AppIcon;
				INFOPLIST_FILE = lanouIOSMaster/Info.plist;
				LD_RUNPATH_SEARCH_PATHS = "$(inherited) @executable_path/Frameworks";
				PRODUCT_BUNDLE_IDENTIFIER = llll.lanouIOSMaster;
				PRODUCT_NAME = "$(TARGET_NAME)";
			};
			name = Release;
		};
		3FC5375C1DC1AC550016C0D8 /* Debug */ = {
			isa = XCBuildConfiguration;
			buildSettings = {
				BUNDLE_LOADER = "$(TEST_HOST)";
				INFOPLIST_FILE = lanouIOSMasterTests/Info.plist;
				LD_RUNPATH_SEARCH_PATHS = "$(inherited) @executable_path/Frameworks @loader_path/Frameworks";
				PRODUCT_BUNDLE_IDENTIFIER = llll.lanouIOSMasterTests;
				PRODUCT_NAME = "$(TARGET_NAME)";
				TEST_HOST = "$(BUILT_PRODUCTS_DIR)/lanouIOSMaster.app/lanouIOSMaster";
			};
			name = Debug;
		};
		3FC5375D1DC1AC550016C0D8 /* Release */ = {
			isa = XCBuildConfiguration;
			buildSettings = {
				BUNDLE_LOADER = "$(TEST_HOST)";
				INFOPLIST_FILE = lanouIOSMasterTests/Info.plist;
				LD_RUNPATH_SEARCH_PATHS = "$(inherited) @executable_path/Frameworks @loader_path/Frameworks";
				PRODUCT_BUNDLE_IDENTIFIER = llll.lanouIOSMasterTests;
				PRODUCT_NAME = "$(TARGET_NAME)";
				TEST_HOST = "$(BUILT_PRODUCTS_DIR)/lanouIOSMaster.app/lanouIOSMaster";
			};
			name = Release;
		};
		3FC5375F1DC1AC550016C0D8 /* Debug */ = {
			isa = XCBuildConfiguration;
			buildSettings = {
				INFOPLIST_FILE = lanouIOSMasterUITests/Info.plist;
				LD_RUNPATH_SEARCH_PATHS = "$(inherited) @executable_path/Frameworks @loader_path/Frameworks";
				PRODUCT_BUNDLE_IDENTIFIER = llll.lanouIOSMasterUITests;
				PRODUCT_NAME = "$(TARGET_NAME)";
				TEST_TARGET_NAME = lanouIOSMaster;
				USES_XCTRUNNER = YES;
			};
			name = Debug;
		};
		3FC537601DC1AC550016C0D8 /* Release */ = {
			isa = XCBuildConfiguration;
			buildSettings = {
				INFOPLIST_FILE = lanouIOSMasterUITests/Info.plist;
				LD_RUNPATH_SEARCH_PATHS = "$(inherited) @executable_path/Frameworks @loader_path/Frameworks";
				PRODUCT_BUNDLE_IDENTIFIER = llll.lanouIOSMasterUITests;
				PRODUCT_NAME = "$(TARGET_NAME)";
				TEST_TARGET_NAME = lanouIOSMaster;
				USES_XCTRUNNER = YES;
			};
			name = Release;
		};
/* End XCBuildConfiguration section */

/* Begin XCConfigurationList section */
		3FC537261DC1AC550016C0D8 /* Build configuration list for PBXProject "lanouIOSMaster" */ = {
			isa = XCConfigurationList;
			buildConfigurations = (
				3FC537561DC1AC550016C0D8 /* Debug */,
				3FC537571DC1AC550016C0D8 /* Release */,
			);
			defaultConfigurationIsVisible = 0;
			defaultConfigurationName = Release;
		};
		3FC537581DC1AC550016C0D8 /* Build configuration list for PBXNativeTarget "lanouIOSMaster" */ = {
			isa = XCConfigurationList;
			buildConfigurations = (
				3FC537591DC1AC550016C0D8 /* Debug */,
				3FC5375A1DC1AC550016C0D8 /* Release */,
			);
			defaultConfigurationIsVisible = 0;
		};
		3FC5375B1DC1AC550016C0D8 /* Build configuration list for PBXNativeTarget "lanouIOSMasterTests" */ = {
			isa = XCConfigurationList;
			buildConfigurations = (
				3FC5375C1DC1AC550016C0D8 /* Debug */,
				3FC5375D1DC1AC550016C0D8 /* Release */,
			);
			defaultConfigurationIsVisible = 0;
		};
		3FC5375E1DC1AC550016C0D8 /* Build configuration list for PBXNativeTarget "lanouIOSMasterUITests" */ = {
			isa = XCConfigurationList;
			buildConfigurations = (
				3FC5375F1DC1AC550016C0D8 /* Debug */,
				3FC537601DC1AC550016C0D8 /* Release */,
			);
			defaultConfigurationIsVisible = 0;
		};
/* End XCConfigurationList section */
	};
	rootObject = 3FC537231DC1AC550016C0D8 /* Project object */;
}
